
Microsoft Visual Studio Solution File, Format Version 12.00
# Visual Studio Version 16
VisualStudioVersion = 16.0.31321.278
MinimumVisualStudioVersion = 10.0.40219.1
Project("{FAE04EC0-301F-11D3-BF4B-00C04F79EFBC}") = "Kelime Ogren", "Kelime Ogren\Kelime Ogren.csproj", "{C0CE5C26-D272-4C9E-ABD2-C8BCE3019583}"
EndProject
Global
	GlobalSection(SolutionConfigurationPlatforms) = preSolution
		Debug|Any CPU = Debug|Any CPU
		Release|Any CPU = Release|Any CPU
	EndGlobalSection
	GlobalSection(ProjectConfigurationPlatforms) = postSolution
		{C0CE5C26-D272-4C9E-ABD2-C8BCE3019583}.Debug|Any CPU.ActiveCfg = Debug|Any CPU
		{C0CE5C26-D272-4C9E-ABD2-C8BCE3019583}.Debug|Any CPU.Build.0 = Debug|Any CPU
		{C0CE5C26-D272-4C9E-ABD2-C8BCE3019583}.Release|Any CPU.ActiveCfg = Release|Any CPU
		{C0CE5C26-D272-4C9E-ABD2-C8BCE3019583}.Release|Any CPU.Build.0 = Release|Any CPU
	EndGlobalSection
	GlobalSection(SolutionProperties) = preSolution
		HideSolutionNode = FALSE
	EndGlobalSection
	GlobalSection(ExtensibilityGlobals) = postSolution
		SolutionGuid = {5AACB566-38BB-4309-A8CD-F4FFBFCC6037}
	EndGlobalSection
EndGlobal
